
Microsoft Visual Studio Solution File, Format Version 12.00
# Visual Studio 15
Project("{FAE04EC0-301F-11D3-BF4B-00C04F79EFBC}") = "Assembly-CSharp", "Assembly-CSharp.csproj", "{0DDDBA3D-0620-C745-EF55-33167179F952}"
EndProject
Project("{FAE04EC0-301F-11D3-BF4B-00C04F79EFBC}") = "Assembly-CSharp-Editor", "Assembly-CSharp-Editor.csproj", "{E39E9AA8-F904-23A6-24A9-D6E7A50BBE5A}"
EndProject
Global
	GlobalSection(SolutionConfigurationPlatforms) = preSolution
		Debug|Any CPU = Debug|Any CPU
		Release|Any CPU = Release|Any CPU
	EndGlobalSection
	GlobalSection(ProjectConfigurationPlatforms) = postSolution
		{0DDDBA3D-0620-C745-EF55-33167179F952}.Debug|Any CPU.ActiveCfg = Debug|Any CPU
		{0DDDBA3D-0620-C745-EF55-33167179F952}.Debug|Any CPU.Build.0 = Debug|Any CPU
		{0DDDBA3D-0620-C745-EF55-33167179F952}.Release|Any CPU.ActiveCfg = Release|Any CPU
		{0DDDBA3D-0620-C745-EF55-33167179F952}.Release|Any CPU.Build.0 = Release|Any CPU
		{E39E9AA8-F904-23A6-24A9-D6E7A50BBE5A}.Debug|Any CPU.ActiveCfg = Debug|Any CPU
		{E39E9AA8-F904-23A6-24A9-D6E7A50BBE5A}.Debug|Any CPU.Build.0 = Debug|Any CPU
		{E39E9AA8-F904-23A6-24A9-D6E7A50BBE5A}.Release|Any CPU.ActiveCfg = Release|Any CPU
		{E39E9AA8-F904-23A6-24A9-D6E7A50BBE5A}.Release|Any CPU.Build.0 = Release|Any CPU
	EndGlobalSection
	GlobalSection(SolutionProperties) = preSolution
		HideSolutionNode = FALSE
	EndGlobalSection
EndGlobal
